
Microsoft Visual Studio Solution File, Format Version 12.00
# Visual Studio Version 17
VisualStudioVersion = 17.9.34723.18
MinimumVisualStudioVersion = 10.0.40219.1
Project("{9A19103F-16F7-4668-BE54-9A1E7A4F7556}") = "AggregatorService", "src\AggregatorService\AggregatorService.csproj", "{6E873030-22DB-4376-A8FA-F0213DCEEF96}"
EndProject
Project("{9A19103F-16F7-4668-BE54-9A1E7A4F7556}") = "AggregatorService.Tests", "tests\AggregatorService.Tests\AggregatorService.Tests.csproj", "{3055AC6E-900A-44C9-8015-CA8DF6F9FBD1}"
EndProject
Project("{2150E333-8FDC-42A3-9474-1A3956D46DE8}") = "Solution Items", "Solution Items", "{2C449929-0BF4-4D99-A671-C6417617C09E}"
	ProjectSection(SolutionItems) = preProject
		README.md = README.md
	EndProjectSection
EndProject
Global
	GlobalSection(SolutionConfigurationPlatforms) = preSolution
		Debug|Any CPU = Debug|Any CPU
		Release|Any CPU = Release|Any CPU
	EndGlobalSection
	GlobalSection(ProjectConfigurationPlatforms) = postSolution
		{6E873030-22DB-4376-A8FA-F0213DCEEF96}.Debug|Any CPU.ActiveCfg = Debug|Any CPU
		{6E873030-22DB-4376-A8FA-F0213DCEEF96}.Debug|Any CPU.Build.0 = Debug|Any CPU
		{6E873030-22DB-4376-A8FA-F0213DCEEF96}.Release|Any CPU.ActiveCfg = Release|Any CPU
		{6E873030-22DB-4376-A8FA-F0213DCEEF96}.Release|Any CPU.Build.0 = Release|Any CPU
		{3055AC6E-900A-44C9-8015-CA8DF6F9FBD1}.Debug|Any CPU.ActiveCfg = Debug|Any CPU
		{3055AC6E-900A-44C9-8015-CA8DF6F9FBD1}.Debug|Any CPU.Build.0 = Debug|Any CPU
		{3055AC6E-900A-44C9-8015-CA8DF6F9FBD1}.Release|Any CPU.ActiveCfg = Release|Any CPU
		{3055AC6E-900A-44C9-8015-CA8DF6F9FBD1}.Release|Any CPU.Build.0 = Release|Any CPU
	EndGlobalSection
	GlobalSection(SolutionProperties) = preSolution
		HideSolutionNode = FALSE
	EndGlobalSection
	GlobalSection(ExtensibilityGlobals) = postSolution
		SolutionGuid = {81DB4FE5-BB59-44DC-A967-DDAD21EB95C5}
	EndGlobalSection
EndGlobal
